
Microsoft Visual Studio Solution File, Format Version 12.00
# Visual Studio 15
VisualStudioVersion = 15.0.26124.0
MinimumVisualStudioVersion = 15.0.26124.0
Project("{2150E333-8FDC-42A3-9474-1A3956D46DE8}") = "src", "src", "{851A623D-95F3-4199-8D73-99DAAAECF3CD}"
EndProject
Project("{FAE04EC0-301F-11D3-BF4B-00C04F79EFBC}") = "GradeBook", "src\GradeBook\GradeBook.csproj", "{F74E10ED-AB2F-49FE-BB8C-533090B00B21}"
EndProject
Project("{2150E333-8FDC-42A3-9474-1A3956D46DE8}") = "test", "test", "{11A7BBC4-44CA-487C-87C1-7B0DBD7F9787}"
EndProject
Project("{FAE04EC0-301F-11D3-BF4B-00C04F79EFBC}") = "GradeBook.Tests", "test\GradeBook.Tests\GradeBook.Tests.csproj", "{C24C3176-9F53-4A97-A319-12F33AC11470}"
EndProject
Global
	GlobalSection(SolutionConfigurationPlatforms) = preSolution
		Debug|Any CPU = Debug|Any CPU
		Debug|x64 = Debug|x64
		Debug|x86 = Debug|x86
		Release|Any CPU = Release|Any CPU
		Release|x64 = Release|x64
		Release|x86 = Release|x86
	EndGlobalSection
	GlobalSection(SolutionProperties) = preSolution
		HideSolutionNode = FALSE
	EndGlobalSection
	GlobalSection(ProjectConfigurationPlatforms) = postSolution
		{F74E10ED-AB2F-49FE-BB8C-533090B00B21}.Debug|Any CPU.ActiveCfg = Debug|Any CPU
		{F74E10ED-AB2F-49FE-BB8C-533090B00B21}.Debug|Any CPU.Build.0 = Debug|Any CPU
		{F74E10ED-AB2F-49FE-BB8C-533090B00B21}.Debug|x64.ActiveCfg = Debug|Any CPU
		{F74E10ED-AB2F-49FE-BB8C-533090B00B21}.Debug|x64.Build.0 = Debug|Any CPU
		{F74E10ED-AB2F-49FE-BB8C-533090B00B21}.Debug|x86.ActiveCfg = Debug|Any CPU
		{F74E10ED-AB2F-49FE-BB8C-533090B00B21}.Debug|x86.Build.0 = Debug|Any CPU
		{F74E10ED-AB2F-49FE-BB8C-533090B00B21}.Release|Any CPU.ActiveCfg = Release|Any CPU
		{F74E10ED-AB2F-49FE-BB8C-533090B00B21}.Release|Any CPU.Build.0 = Release|Any CPU
		{F74E10ED-AB2F-49FE-BB8C-533090B00B21}.Release|x64.ActiveCfg = Release|Any CPU
		{F74E10ED-AB2F-49FE-BB8C-533090B00B21}.Release|x64.Build.0 = Release|Any CPU
		{F74E10ED-AB2F-49FE-BB8C-533090B00B21}.Release|x86.ActiveCfg = Release|Any CPU
		{F74E10ED-AB2F-49FE-BB8C-533090B00B21}.Release|x86.Build.0 = Release|Any CPU
		{C24C3176-9F53-4A97-A319-12F33AC11470}.Debug|Any CPU.ActiveCfg = Debug|Any CPU
		{C24C3176-9F53-4A97-A319-12F33AC11470}.Debug|Any CPU.Build.0 = Debug|Any CPU
		{C24C3176-9F53-4A97-A319-12F33AC11470}.Debug|x64.ActiveCfg = Debug|Any CPU
		{C24C3176-9F53-4A97-A319-12F33AC11470}.Debug|x64.Build.0 = Debug|Any CPU
		{C24C3176-9F53-4A97-A319-12F33AC11470}.Debug|x86.ActiveCfg = Debug|Any CPU
		{C24C3176-9F53-4A97-A319-12F33AC11470}.Debug|x86.Build.0 = Debug|Any CPU
		{C24C3176-9F53-4A97-A319-12F33AC11470}.Release|Any CPU.ActiveCfg = Release|Any CPU
		{C24C3176-9F53-4A97-A319-12F33AC11470}.Release|Any CPU.Build.0 = Release|Any CPU
		{C24C3176-9F53-4A97-A319-12F33AC11470}.Release|x64.ActiveCfg = Release|Any CPU
		{C24C3176-9F53-4A97-A319-12F33AC11470}.Release|x64.Build.0 = Release|Any CPU
		{C24C3176-9F53-4A97-A319-12F33AC11470}.Release|x86.ActiveCfg = Release|Any CPU
		{C24C3176-9F53-4A97-A319-12F33AC11470}.Release|x86.Build.0 = Release|Any CPU
	EndGlobalSection
	GlobalSection(NestedProjects) = preSolution
		{F74E10ED-AB2F-49FE-BB8C-533090B00B21} = {851A623D-95F3-4199-8D73-99DAAAECF3CD}
		{C24C3176-9F53-4A97-A319-12F33AC11470} = {11A7BBC4-44CA-487C-87C1-7B0DBD7F9787}
	EndGlobalSection
EndGlobal
